
Microsoft Visual Studio Solution File, Format Version 12.00
# Visual Studio 15
VisualStudioVersion = 15.0.26730.16
MinimumVisualStudioVersion = 10.0.40219.1
Project("{FAE04EC0-301F-11D3-BF4B-00C04F79EFBC}") = "WPF 10C Combobox", "WPF 10C Combobox\WPF 10C Combobox.csproj", "{8178C4FB-CB1C-4BBC-8A1B-E453C2E56A3D}"
EndProject
Global
	GlobalSection(SolutionConfigurationPlatforms) = preSolution
		Debug|Any CPU = Debug|Any CPU
		Release|Any CPU = Release|Any CPU
	EndGlobalSection
	GlobalSection(ProjectConfigurationPlatforms) = postSolution
		{8178C4FB-CB1C-4BBC-8A1B-E453C2E56A3D}.Debug|Any CPU.ActiveCfg = Debug|Any CPU
		{8178C4FB-CB1C-4BBC-8A1B-E453C2E56A3D}.Debug|Any CPU.Build.0 = Debug|Any CPU
		{8178C4FB-CB1C-4BBC-8A1B-E453C2E56A3D}.Release|Any CPU.ActiveCfg = Release|Any CPU
		{8178C4FB-CB1C-4BBC-8A1B-E453C2E56A3D}.Release|Any CPU.Build.0 = Release|Any CPU
	EndGlobalSection
	GlobalSection(SolutionProperties) = preSolution
		HideSolutionNode = FALSE
	EndGlobalSection
	GlobalSection(ExtensibilityGlobals) = postSolution
		SolutionGuid = {9566A373-3887-4638-8ADE-4EB1E03C8A83}
	EndGlobalSection
EndGlobal
